
Microsoft Visual Studio Solution File, Format Version 12.00
# Visual Studio Version 16
VisualStudioVersion = 16.0.30011.22
MinimumVisualStudioVersion = 10.0.40219.1
Project("{FAE04EC0-301F-11D3-BF4B-00C04F79EFBC}") = "MemoryCache", "MemoryCache\MemoryCache.csproj", "{B91FAAD8-FFE1-4BAD-A53F-B9B67DE323F5}"
EndProject
Global
	GlobalSection(SolutionConfigurationPlatforms) = preSolution
		Debug|Any CPU = Debug|Any CPU
		Release|Any CPU = Release|Any CPU
	EndGlobalSection
	GlobalSection(ProjectConfigurationPlatforms) = postSolution
		{B91FAAD8-FFE1-4BAD-A53F-B9B67DE323F5}.Debug|Any CPU.ActiveCfg = Debug|Any CPU
		{B91FAAD8-FFE1-4BAD-A53F-B9B67DE323F5}.Debug|Any CPU.Build.0 = Debug|Any CPU
		{B91FAAD8-FFE1-4BAD-A53F-B9B67DE323F5}.Release|Any CPU.ActiveCfg = Release|Any CPU
		{B91FAAD8-FFE1-4BAD-A53F-B9B67DE323F5}.Release|Any CPU.Build.0 = Release|Any CPU
	EndGlobalSection
	GlobalSection(SolutionProperties) = preSolution
		HideSolutionNode = FALSE
	EndGlobalSection
	GlobalSection(ExtensibilityGlobals) = postSolution
		SolutionGuid = {0CC54562-2994-497D-8F18-73F282167290}
	EndGlobalSection
EndGlobal
